
Microsoft Visual Studio Solution File, Format Version 12.00
# Visual Studio Version 17
VisualStudioVersion = 17.0.32126.317
MinimumVisualStudioVersion = 10.0.40219.1
Project("{9A19103F-16F7-4668-BE54-9A1E7A4F7556}") = "Netmoveis", "Netmoveis\Netmoveis.csproj", "{EFA5F618-93A3-47CA-8D4F-2C14BDF27B63}"
EndProject
Project("{FAE04EC0-301F-11D3-BF4B-00C04F79EFBC}") = "Telamoveis", "Telamoveis\Telamoveis.csproj", "{0B91875B-F310-49B8-B158-73372D0ACDBD}"
EndProject
Global
	GlobalSection(SolutionConfigurationPlatforms) = preSolution
		Debug|Any CPU = Debug|Any CPU
		Release|Any CPU = Release|Any CPU
	EndGlobalSection
	GlobalSection(ProjectConfigurationPlatforms) = postSolution
		{EFA5F618-93A3-47CA-8D4F-2C14BDF27B63}.Debug|Any CPU.ActiveCfg = Debug|Any CPU
		{EFA5F618-93A3-47CA-8D4F-2C14BDF27B63}.Debug|Any CPU.Build.0 = Debug|Any CPU
		{EFA5F618-93A3-47CA-8D4F-2C14BDF27B63}.Release|Any CPU.ActiveCfg = Release|Any CPU
		{EFA5F618-93A3-47CA-8D4F-2C14BDF27B63}.Release|Any CPU.Build.0 = Release|Any CPU
		{0B91875B-F310-49B8-B158-73372D0ACDBD}.Debug|Any CPU.ActiveCfg = Debug|Any CPU
		{0B91875B-F310-49B8-B158-73372D0ACDBD}.Debug|Any CPU.Build.0 = Debug|Any CPU
		{0B91875B-F310-49B8-B158-73372D0ACDBD}.Release|Any CPU.ActiveCfg = Release|Any CPU
		{0B91875B-F310-49B8-B158-73372D0ACDBD}.Release|Any CPU.Build.0 = Release|Any CPU
	EndGlobalSection
	GlobalSection(SolutionProperties) = preSolution
		HideSolutionNode = FALSE
	EndGlobalSection
	GlobalSection(ExtensibilityGlobals) = postSolution
		SolutionGuid = {DDBBCA3F-6DBF-444D-A30B-1480B5F2982C}
	EndGlobalSection
EndGlobal
